# THIS IS AN AUTOGENERATED FILE. DO NOT EDIT THIS FILE DIRECTLY.
# yarn lockfile v1


"@polkadot-api/descriptors@file:.papi/descriptors":
  version "0.1.0-autogenerated.2349538711292337160"

"@types/bun@latest":
  version "1.2.23"
  resolved "https://registry.yarnpkg.com/@types/bun/-/bun-1.2.23.tgz#c8af662c9df3d32958e627a1d94b964ae881e39f"
  integrity sha512-le8ueOY5b6VKYf19xT3McVbXqLqmxzPXHsQT/q9JHgikJ2X22wyTW3g3ohz2ZMnp7dod6aduIiq8A14Xyimm0A==
  dependencies:
    bun-types "1.2.23"

"@types/node@*":
  version "24.7.0"
  resolved "https://registry.yarnpkg.com/@types/node/-/node-24.7.0.tgz#a34c9f0d3401db396782e440317dd5d8373c286f"
  integrity sha512-IbKooQVqUBrlzWTi79E8Fw78l8k1RNtlDDNWsFZs7XonuQSJ8oNYfEeclhprUldXISRMLzBpILuKgPlIxm+/Yw==
  dependencies:
    undici-types "~7.14.0"

bun-types@1.2.23:
  version "1.2.23"
  resolved "https://registry.yarnpkg.com/bun-types/-/bun-types-1.2.23.tgz#d2550c5b1ad32cc779d27e146d1062cb45329101"
  integrity sha512-R9f0hKAZXgFU3mlrA0YpE/fiDvwV0FT9rORApt2aQVWSuJDzZOyB5QLc0N/4HF57CS8IXJ6+L5E4W1bW6NS2Aw==
  dependencies:
    "@types/node" "*"

undici-types@~7.14.0:
  version "7.14.0"
  resolved "https://registry.yarnpkg.com/undici-types/-/undici-types-7.14.0.tgz#4c037b32ca4d7d62fae042174604341588bc0840"
  integrity sha512-QQiYxHuyZ9gQUIrmPo3IA+hUl4KYk8uSA7cHrcKd/l3p1OTpZcM0Tbp9x7FAtXdAYhlasd60ncPpgu6ihG6TOA==
